
Microsoft Visual Studio Solution File, Format Version 12.00
# Visual Studio Version 17
VisualStudioVersion = 17.14.35821.62 d17.14
MinimumVisualStudioVersion = 10.0.40219.1
Project("{FAE04EC0-301F-11D3-BF4B-00C04F79EFBC}") = "Anc10_Razor_Ind_x64", "Anc10_Razor_Ind_x64\Anc10_Razor_Ind_x64.csproj", "{39C6EFAE-0619-443B-BE71-E7758E74F3CE}"
EndProject
Global
	GlobalSection(SolutionConfigurationPlatforms) = preSolution
		Debug|Any CPU = Debug|Any CPU
		Release|Any CPU = Release|Any CPU
	EndGlobalSection
	GlobalSection(ProjectConfigurationPlatforms) = postSolution
		{39C6EFAE-0619-443B-BE71-E7758E74F3CE}.Debug|Any CPU.ActiveCfg = Debug|Any CPU
		{39C6EFAE-0619-443B-BE71-E7758E74F3CE}.Debug|Any CPU.Build.0 = Debug|Any CPU
		{39C6EFAE-0619-443B-BE71-E7758E74F3CE}.Release|Any CPU.ActiveCfg = Release|Any CPU
		{39C6EFAE-0619-443B-BE71-E7758E74F3CE}.Release|Any CPU.Build.0 = Release|Any CPU
	EndGlobalSection
	GlobalSection(SolutionProperties) = preSolution
		HideSolutionNode = FALSE
	EndGlobalSection
	GlobalSection(ExtensibilityGlobals) = postSolution
		SolutionGuid = {E8E4020C-532B-4388-A01B-8CA0FACB6A88}
	EndGlobalSection
EndGlobal
